// !$*UTF8*$!
{
	archiveVersion = 1;
	classes = {
	};
	objectVersion = 50;
	objects = {

/* Begin PBXBuildFile section */
		CFE62508270C0C3F00E0FE54 /* AppDelegate.swift in Sources */ = {isa = PBXBuildFile; fileRef = CFE62507270C0C3F00E0FE54 /* AppDelegate.swift */; };
		CFE6250A270C0C3F00E0FE54 /* SceneDelegate.swift in Sources */ = {isa = PBXBuildFile; fileRef = CFE62509270C0C3F00E0FE54 /* SceneDelegate.swift */; };
		CFE6250C270C0C3F00E0FE54 /* ViewController.swift in Sources */ = {isa = PBXBuildFile; fileRef = CFE6250B270C0C3F00E0FE54 /* ViewController.swift */; };
		CFE6250F270C0C3F00E0FE54 /* Main.storyboard in Resources */ = {isa = PBXBuildFile; fileRef = CFE6250D270C0C3F00E0FE54 /* Main.storyboard */; };
		CFE62511270C0C4100E0FE54 /* Assets.xcassets in Resources */ = {isa = PBXBuildFile; fileRef = CFE62510270C0C4100E0FE54 /* Assets.xcassets */; };
		CFE62514270C0C4100E0FE54 /* LaunchScreen.storyboard in Resources */ = {isa = PBXBuildFile; fileRef = CFE62512270C0C4100E0FE54 /* LaunchScreen.storyboard */; };
		CFE6251F270C0C4100E0FE54 /* Insta_AppTests.swift in Sources */ = {isa = PBXBuildFile; fileRef = CFE6251E270C0C4100E0FE54 /* Insta_AppTests.swift */; };
		CFE6252A270C0C4100E0FE54 /* Insta_AppUITests.swift in Sources */ = {isa = PBXBuildFile; fileRef = CFE62529270C0C4100E0FE54 /* Insta_AppUITests.swift */; };
/* End PBXBuildFile section */

/* Begin PBXContainerItemProxy section */
		CFE6251B270C0C4100E0FE54 /* PBXContainerItemProxy */ = {
			isa = PBXContainerItemProxy;
			containerPortal = CFE624FC270C0C3F00E0FE54 /* Project object */;
			proxyType = 1;
			remoteGlobalIDString = CFE62503270C0C3F00E0FE54;
			remoteInfo = Insta_App;
		};
		CFE62526270C0C4100E0FE54 /* PBXContainerItemProxy */ = {
			isa = PBXContainerItemProxy;
			containerPortal = CFE624FC270C0C3F00E0FE54 /* Project object */;
			proxyType = 1;
			remoteGlobalIDString = CFE62503270C0C3F00E0FE54;
			remoteInfo = Insta_App;
		};
/* End PBXContainerItemProxy section */

/* Begin PBXFileReference section */
		CFE62504270C0C3F00E0FE54 /* Insta_App.app */ = {isa = PBXFileReference; explicitFileType = wrapper.application; includeInIndex = 0; path = Insta_App.app; sourceTree = BUILT_PRODUCTS_DIR; };
		CFE62507270C0C3F00E0FE54 /* AppDelegate.swift */ = {isa = PBXFileReference; lastKnownFileType = sourcecode.swift; path = AppDelegate.swift; sourceTree = "<group>"; };
		CFE62509270C0C3F00E0FE54 /* SceneDelegate.swift */ = {isa = PBXFileReference; lastKnownFileType = sourcecode.swift; path = SceneDelegate.swift; sourceTree = "<group>"; };
		CFE6250B270C0C3F00E0FE54 /* ViewController.swift */ = {isa = PBXFileReference; lastKnownFileType = sourcecode.swift; path = ViewController.swift; sourceTree = "<group>"; };
		CFE6250E270C0C3F00E0FE54 /* Base */ = {isa = PBXFileReference; lastKnownFileType = file.storyboard; name = Base; path = Base.lproj/Main.storyboard; sourceTree = "<group>"; };
		CFE62510270C0C4100E0FE54 /* Assets.xcassets */ = {isa = PBXFileReference; lastKnownFileType = folder.assetcatalog; path = Assets.xcassets; sourceTree = "<group>"; };
		CFE62513270C0C4100E0FE54 /* Base */ = {isa = PBXFileReference; lastKnownFileType = file.storyboard; name = Base; path = Base.lproj/LaunchScreen.storyboard; sourceTree = "<group>"; };
		CFE62515270C0C4100E0FE54 /* Info.plist */ = {isa = PBXFileReference; lastKnownFileType = text.plist.xml; path = Info.plist; sourceTree = "<group>"; };
		CFE6251A270C0C4100E0FE54 /* Insta_AppTests.xctest */ = {isa = PBXFileReference; explicitFileType = wrapper.cfbundle; includeInIndex = 0; path = Insta_AppTests.xctest; sourceTree = BUILT_PRODUCTS_DIR; };
		CFE6251E270C0C4100E0FE54 /* Insta_AppTests.swift */ = {isa = PBXFileReference; lastKnownFileType = sourcecode.swift; path = Insta_AppTests.swift; sourceTree = "<group>"; };
		CFE62520270C0C4100E0FE54 /* Info.plist */ = {isa = PBXFileReference; lastKnownFileType = text.plist.xml; path = Info.plist; sourceTree = "<group>"; };
		CFE62525270C0C4100E0FE54 /* Insta_AppUITests.xctest */ = {isa = PBXFileReference; explicitFileType = wrapper.cfbundle; includeInIndex = 0; path = Insta_AppUITests.xctest; sourceTree = BUILT_PRODUCTS_DIR; };
		CFE62529270C0C4100E0FE54 /* Insta_AppUITests.swift */ = {isa = PBXFileReference; lastKnownFileType = sourcecode.swift; path = Insta_AppUITests.swift; sourceTree = "<group>"; };
		CFE6252B270C0C4100E0FE54 /* Info.plist */ = {isa = PBXFileReference; lastKnownFileType = text.plist.xml; path = Info.plist; sourceTree = "<group>"; };
/* End PBXFileReference section */

/* Begin PBXFrameworksBuildPhase section */
		CFE62501270C0C3F00E0FE54 /* Frameworks */ = {
			isa = PBXFrameworksBuildPhase;
			buildActionMask = 2147483647;
			files = (
			);
			runOnlyForDeploymentPostprocessing = 0;
		};
		CFE62517270C0C4100E0FE54 /* Frameworks */ = {
			isa = PBXFrameworksBuildPhase;
			buildActionMask = 2147483647;
			files = (
			);
			runOnlyForDeploymentPostprocessing = 0;
		};
		CFE62522270C0C4100E0FE54 /* Frameworks */ = {
			isa = PBXFrameworksBuildPhase;
			buildActionMask = 2147483647;
			files = (
			);
			runOnlyForDeploymentPostprocessing = 0;
		};
/* End PBXFrameworksBuildPhase section */

/* Begin PBXGroup section */
		CFE624FB270C0C3F00E0FE54 = {
			isa = PBXGroup;
			children = (
				CFE62506270C0C3F00E0FE54 /* Insta_App */,
				CFE6251D270C0C4100E0FE54 /* Insta_AppTests */,
				CFE62528270C0C4100E0FE54 /* Insta_AppUITests */,
				CFE62505270C0C3F00E0FE54 /* Products */,
			);
			sourceTree = "<group>";
		};
		CFE62505270C0C3F00E0FE54 /* Products */ = {
			isa = PBXGroup;
			children = (
				CFE62504270C0C3F00E0FE54 /* Insta_App.app */,
				CFE6251A270C0C4100E0FE54 /* Insta_AppTests.xctest */,
				CFE62525270C0C4100E0FE54 /* Insta_AppUITests.xctest */,
			);
			name = Products;
			sourceTree = "<group>";
		};
		CFE62506270C0C3F00E0FE54 /* Insta_App */ = {
			isa = PBXGroup;
			children = (
				CFE62507270C0C3F00E0FE54 /* AppDelegate.swift */,
				CFE62509270C0C3F00E0FE54 /* SceneDelegate.swift */,
				CFE6250B270C0C3F00E0FE54 /* ViewController.swift */,
				CFE6250D270C0C3F00E0FE54 /* Main.storyboard */,
				CFE62510270C0C4100E0FE54 /* Assets.xcassets */,
				CFE62512270C0C4100E0FE54 /* LaunchScreen.storyboard */,
				CFE62515270C0C4100E0FE54 /* Info.plist */,
			);
			path = Insta_App;
			sourceTree = "<group>";
		};
		CFE6251D270C0C4100E0FE54 /* Insta_AppTests */ = {
			isa = PBXGroup;
			children = (
				CFE6251E270C0C4100E0FE54 /* Insta_AppTests.swift */,
				CFE62520270C0C4100E0FE54 /* Info.plist */,
			);
			path = Insta_AppTests;
			sourceTree = "<group>";
		};
		CFE62528270C0C4100E0FE54 /* Insta_AppUITests */ = {
			isa = PBXGroup;
			children = (
				CFE62529270C0C4100E0FE54 /* Insta_AppUITests.swift */,
				CFE6252B270C0C4100E0FE54 /* Info.plist */,
			);
			path = Insta_AppUITests;
			sourceTree = "<group>";
		};
/* End PBXGroup section */

/* Begin PBXNativeTarget section */
		CFE62503270C0C3F00E0FE54 /* Insta_App */ = {
			isa = PBXNativeTarget;
			buildConfigurationList = CFE6252E270C0C4100E0FE54 /* Build configuration list for PBXNativeTarget "Insta_App" */;
			buildPhases = (
				CFE62500270C0C3F00E0FE54 /* Sources */,
				CFE62501270C0C3F00E0FE54 /* Frameworks */,
				CFE62502270C0C3F00E0FE54 /* Resources */,
			);
			buildRules = (
			);
			dependencies = (
			);
			name = Insta_App;
			productName = Insta_App;
			productReference = CFE62504270C0C3F00E0FE54 /* Insta_App.app */;
			productType = "com.apple.product-type.application";
		};
		CFE62519270C0C4100E0FE54 /* Insta_AppTests */ = {
			isa = PBXNativeTarget;
			buildConfigurationList = CFE62531270C0C4100E0FE54 /* Build configuration list for PBXNativeTarget "Insta_AppTests" */;
			buildPhases = (
				CFE62516270C0C4100E0FE54 /* Sources */,
				CFE62517270C0C4100E0FE54 /* Frameworks */,
				CFE62518270C0C4100E0FE54 /* Resources */,
			);
			buildRules = (
			);
			dependencies = (
				CFE6251C270C0C4100E0FE54 /* PBXTargetDependency */,
			);
			name = Insta_AppTests;
			productName = Insta_AppTests;
			productReference = CFE6251A270C0C4100E0FE54 /* Insta_AppTests.xctest */;
			productType = "com.apple.product-type.bundle.unit-test";
		};
		CFE62524270C0C4100E0FE54 /* Insta_AppUITests */ = {
			isa = PBXNativeTarget;
			buildConfigurationList = CFE62534270C0C4100E0FE54 /* Build configuration list for PBXNativeTarget "Insta_AppUITests" */;
			buildPhases = (
				CFE62521270C0C4100E0FE54 /* Sources */,
				CFE62522270C0C4100E0FE54 /* Frameworks */,
				CFE62523270C0C4100E0FE54 /* Resources */,
			);
			buildRules = (
			);
			dependencies = (
				CFE62527270C0C4100E0FE54 /* PBXTargetDependency */,
			);
			name = Insta_AppUITests;
			productName = Insta_AppUITests;
			productReference = CFE62525270C0C4100E0FE54 /* Insta_AppUITests.xctest */;
			productType = "com.apple.product-type.bundle.ui-testing";
		};
/* End PBXNativeTarget section */

/* Begin PBXProject section */
		CFE624FC270C0C3F00E0FE54 /* Project object */ = {
			isa = PBXProject;
			attributes = {
				LastSwiftUpdateCheck = 1240;
				LastUpgradeCheck = 1240;
				TargetAttributes = {
					CFE62503270C0C3F00E0FE54 = {
						CreatedOnToolsVersion = 12.4;
					};
					CFE62519270C0C4100E0FE54 = {
						CreatedOnToolsVersion = 12.4;
						TestTargetID = CFE62503270C0C3F00E0FE54;
					};
					CFE62524270C0C4100E0FE54 = {
						CreatedOnToolsVersion = 12.4;
						TestTargetID = CFE62503270C0C3F00E0FE54;
					};
				};
			};
			buildConfigurationList = CFE624FF270C0C3F00E0FE54 /* Build configuration list for PBXProject "Insta_App" */;
			compatibilityVersion = "Xcode 9.3";
			developmentRegion = en;
			hasScannedForEncodings = 0;
			knownRegions = (
				en,
				Base,
			);
			mainGroup = CFE624FB270C0C3F00E0FE54;
			productRefGroup = CFE62505270C0C3F00E0FE54 /* Products */;
			projectDirPath = "";
			projectRoot = "";
			targets = (
				CFE62503270C0C3F00E0FE54 /* Insta_App */,
				CFE62519270C0C4100E0FE54 /* Insta_AppTests */,
				CFE62524270C0C4100E0FE54 /* Insta_AppUITests */,
			);
		};
/* End PBXProject section */

/* Begin PBXResourcesBuildPhase section */
		CFE62502270C0C3F00E0FE54 /* Resources */ = {
			isa = PBXResourcesBuildPhase;
			buildActionMask = 2147483647;
			files = (
				CFE62514270C0C4100E0FE54 /* LaunchScreen.storyboard in Resources */,
				CFE62511270C0C4100E0FE54 /* Assets.xcassets in Resources */,
				CFE6250F270C0C3F00E0FE54 /* Main.storyboard in Resources */,
			);
			runOnlyForDeploymentPostprocessing = 0;
		};
		CFE62518270C0C4100E0FE54 /* Resources */ = {
			isa = PBXResourcesBuildPhase;
			buildActionMask = 2147483647;
			files = (
			);
			runOnlyForDeploymentPostprocessing = 0;
		};
		CFE62523270C0C4100E0FE54 /* Resources */ = {
			isa = PBXResourcesBuildPhase;
			buildActionMask = 2147483647;
			files = (
			);
			runOnlyForDeploymentPostprocessing = 0;
		};
/* End PBXResourcesBuildPhase section */

/* Begin PBXSourcesBuildPhase section */
		CFE62500270C0C3F00E0FE54 /* Sources */ = {
			isa = PBXSourcesBuildPhase;
			buildActionMask = 2147483647;
			files = (
				CFE6250C270C0C3F00E0FE54 /* ViewController.swift in Sources */,
				CFE62508270C0C3F00E0FE54 /* AppDelegate.swift in Sources */,
				CFE6250A270C0C3F00E0FE54 /* SceneDelegate.swift in Sources */,
			);
			runOnlyForDeploymentPostprocessing = 0;
		};
		CFE62516270C0C4100E0FE54 /* Sources */ = {
			isa = PBXSourcesBuildPhase;
			buildActionMask = 2147483647;
			files = (
				CFE6251F270C0C4100E0FE54 /* Insta_AppTests.swift in Sources */,
			);
			runOnlyForDeploymentPostprocessing = 0;
		};
		CFE62521270C0C4100E0FE54 /* Sources */ = {
			isa = PBXSourcesBuildPhase;
			buildActionMask = 2147483647;
			files = (
				CFE6252A270C0C4100E0FE54 /* Insta_AppUITests.swift in Sources */,
			);
			runOnlyForDeploymentPostprocessing = 0;
		};
/* End PBXSourcesBuildPhase section */

/* Begin PBXTargetDependency section */
		CFE6251C270C0C4100E0FE54 /* PBXTargetDependency */ = {
			isa = PBXTargetDependency;
			target = CFE62503270C0C3F00E0FE54 /* Insta_App */;
			targetProxy = CFE6251B270C0C4100E0FE54 /* PBXContainerItemProxy */;
		};
		CFE62527270C0C4100E0FE54 /* PBXTargetDependency */ = {
			isa = PBXTargetDependency;
			target = CFE62503270C0C3F00E0FE54 /* Insta_App */;
			targetProxy = CFE62526270C0C4100E0FE54 /* PBXContainerItemProxy */;
		};
/* End PBXTargetDependency section */

/* Begin PBXVariantGroup section */
		CFE6250D270C0C3F00E0FE54 /* Main.storyboard */ = {
			isa = PBXVariantGroup;
			children = (
				CFE6250E270C0C3F00E0FE54 /* Base */,
			);
			name = Main.storyboard;
			sourceTree = "<group>";
		};
		CFE62512270C0C4100E0FE54 /* LaunchScreen.storyboard */ = {
			isa = PBXVariantGroup;
			children = (
				CFE62513270C0C4100E0FE54 /* Base */,
			);
			name = LaunchScreen.storyboard;
			sourceTree = "<group>";
		};
/* End PBXVariantGroup section */

/* Begin XCBuildConfiguration section */
		CFE6252C270C0C4100E0FE54 /* Debug */ = {
			isa = XCBuildConfiguration;
			buildSettings = {
				ALWAYS_SEARCH_USER_PATHS = NO;
				CLANG_ANALYZER_NONNULL = YES;
				CLANG_ANALYZER_NUMBER_OBJECT_CONVERSION = YES_AGGRESSIVE;
				CLANG_CXX_LANGUAGE_STANDARD = "gnu++14";
				CLANG_CXX_LIBRARY = "libc++";
				CLANG_ENABLE_MODULES = YES;
				CLANG_ENABLE_OBJC_ARC = YES;
				CLANG_ENABLE_OBJC_WEAK = YES;
				CLANG_WARN_BLOCK_CAPTURE_AUTORELEASING = YES;
				CLANG_WARN_BOOL_CONVERSION = YES;
				CLANG_WARN_COMMA = YES;
				CLANG_WARN_CONSTANT_CONVERSION = YES;
				CLANG_WARN_DEPRECATED_OBJC_IMPLEMENTATIONS = YES;
				CLANG_WARN_DIRECT_OBJC_ISA_USAGE = YES_ERROR;
				CLANG_WARN_DOCUMENTATION_COMMENTS = YES;
				CLANG_WARN_EMPTY_BODY = YES;
				CLANG_WARN_ENUM_CONVERSION = YES;
				CLANG_WARN_INFINITE_RECURSION = YES;
				CLANG_WARN_INT_CONVERSION = YES;
				CLANG_WARN_NON_LITERAL_NULL_CONVERSION = YES;
				CLANG_WARN_OBJC_IMPLICIT_RETAIN_SELF = YES;
				CLANG_WARN_OBJC_LITERAL_CONVERSION = YES;
				CLANG_WARN_OBJC_ROOT_CLASS = YES_ERROR;
				CLANG_WARN_QUOTED_INCLUDE_IN_FRAMEWORK_HEADER = YES;
				CLANG_WARN_RANGE_LOOP_ANALYSIS = YES;
				CLANG_WARN_STRICT_PROTOTYPES = YES;
				CLANG_WARN_SUSPICIOUS_MOVE = YES;
				CLANG_WARN_UNGUARDED_AVAILABILITY = YES_AGGRESSIVE;
				CLANG_WARN_UNREACHABLE_CODE = YES;
				CLANG_WARN__DUPLICATE_METHOD_MATCH = YES;
				COPY_PHASE_STRIP = NO;
				DEBUG_INFORMATION_FORMAT = dwarf;
				ENABLE_STRICT_OBJC_MSGSEND = YES;
				ENABLE_TESTABILITY = YES;
				GCC_C_LANGUAGE_STANDARD = gnu11;
				GCC_DYNAMIC_NO_PIC = NO;
				GCC_NO_COMMON_BLOCKS = YES;
				GCC_OPTIMIZATION_LEVEL = 0;
				GCC_PREPROCESSOR_DEFINITIONS = (
					"DEBUG=1",
					"$(inherited)",
				);
				GCC_WARN_64_TO_32_BIT_CONVERSION = YES;
				GCC_WARN_ABOUT_RETURN_TYPE = YES_ERROR;
				GCC_WARN_UNDECLARED_SELECTOR = YES;
				GCC_WARN_UNINITIALIZED_AUTOS = YES_AGGRESSIVE;
				GCC_WARN_UNUSED_FUNCTION = YES;
				GCC_WARN_UNUSED_VARIABLE = YES;
				IPHONEOS_DEPLOYMENT_TARGET = 14.4;
				MTL_ENABLE_DEBUG_INFO = INCLUDE_SOURCE;
				MTL_FAST_MATH = YES;
				ONLY_ACTIVE_ARCH = YES;
				SDKROOT = iphoneos;
				SWIFT_ACTIVE_COMPILATION_CONDITIONS = DEBUG;
				SWIFT_OPTIMIZATION_LEVEL = "-Onone";
			};
			name = Debug;
		};
		CFE6252D270C0C4100E0FE54 /* Release */ = {
			isa = XCBuildConfiguration;
			buildSettings = {
				ALWAYS_SEARCH_USER_PATHS = NO;
				CLANG_ANALYZER_NONNULL = YES;
				CLANG_ANALYZER_NUMBER_OBJECT_CONVERSION = YES_AGGRESSIVE;
				CLANG_CXX_LANGUAGE_STANDARD = "gnu++14";
				CLANG_CXX_LIBRARY = "libc++";
				CLANG_ENABLE_MODULES = YES;
				CLANG_ENABLE_OBJC_ARC = YES;
				CLANG_ENABLE_OBJC_WEAK = YES;
				CLANG_WARN_BLOCK_CAPTURE_AUTORELEASING = YES;
				CLANG_WARN_BOOL_CONVERSION = YES;
				CLANG_WARN_COMMA = YES;
				CLANG_WARN_CONSTANT_CONVERSION = YES;
				CLANG_WARN_DEPRECATED_OBJC_IMPLEMENTATIONS = YES;
				CLANG_WARN_DIRECT_OBJC_ISA_USAGE = YES_ERROR;
				CLANG_WARN_DOCUMENTATION_COMMENTS = YES;
				CLANG_WARN_EMPTY_BODY = YES;
				CLANG_WARN_ENUM_CONVERSION = YES;
				CLANG_WARN_INFINITE_RECURSION = YES;
				CLANG_WARN_INT_CONVERSION = YES;
				CLANG_WARN_NON_LITERAL_NULL_CONVERSION = YES;
				CLANG_WARN_OBJC_IMPLICIT_RETAIN_SELF = YES;
				CLANG_WARN_OBJC_LITERAL_CONVERSION = YES;
				CLANG_WARN_OBJC_ROOT_CLASS = YES_ERROR;
				CLANG_WARN_QUOTED_INCLUDE_IN_FRAMEWORK_HEADER = YES;
				CLANG_WARN_RANGE_LOOP_ANALYSIS = YES;
				CLANG_WARN_STRICT_PROTOTYPES = YES;
				CLANG_WARN_SUSPICIOUS_MOVE = YES;
				CLANG_WARN_UNGUARDED_AVAILABILITY = YES_AGGRESSIVE;
				CLANG_WARN_UNREACHABLE_CODE = YES;
				CLANG_WARN__DUPLICATE_METHOD_MATCH = YES;
				COPY_PHASE_STRIP = NO;
				DEBUG_INFORMATION_FORMAT = "dwarf-with-dsym";
				ENABLE_NS_ASSERTIONS = NO;
				ENABLE_STRICT_OBJC_MSGSEND = YES;
				GCC_C_LANGUAGE_STANDARD = gnu11;
				GCC_NO_COMMON_BLOCKS = YES;
				GCC_WARN_64_TO_32_BIT_CONVERSION = YES;
				GCC_WARN_ABOUT_RETURN_TYPE = YES_ERROR;
				GCC_WARN_UNDECLARED_SELECTOR = YES;
				GCC_WARN_UNINITIALIZED_AUTOS = YES_AGGRESSIVE;
				GCC_WARN_UNUSED_FUNCTION = YES;
				GCC_WARN_UNUSED_VARIABLE = YES;
				IPHONEOS_DEPLOYMENT_TARGET = 14.4;
				MTL_ENABLE_DEBUG_INFO = NO;
				MTL_FAST_MATH = YES;
				SDKROOT = iphoneos;
				SWIFT_COMPILATION_MODE = wholemodule;
				SWIFT_OPTIMIZATION_LEVEL = "-O";
				VALIDATE_PRODUCT = YES;
			};
			name = Release;
		};
		CFE6252F270C0C4100E0FE54 /* Debug */ = {
			isa = XCBuildConfiguration;
			buildSettings = {
				ASSETCATALOG_COMPILER_APPICON_NAME = AppIcon;
				ASSETCATALOG_COMPILER_GLOBAL_ACCENT_COLOR_NAME = AccentColor;
				CODE_SIGN_STYLE = Automatic;
				INFOPLIST_FILE = Insta_App/Info.plist;
				LD_RUNPATH_SEARCH_PATHS = (
					"$(inherited)",
					"@executable_path/Frameworks",
				);
				PRODUCT_BUNDLE_IDENTIFIER = "Okera.com.Insta-App";
				PRODUCT_NAME = "$(TARGET_NAME)";
				SWIFT_VERSION = 5.0;
				TARGETED_DEVICE_FAMILY = "1,2";
			};
			name = Debug;
		};
		CFE62530270C0C4100E0FE54 /* Release */ = {
			isa = XCBuildConfiguration;
			buildSettings = {
				ASSETCATALOG_COMPILER_APPICON_NAME = AppIcon;
				ASSETCATALOG_COMPILER_GLOBAL_ACCENT_COLOR_NAME = AccentColor;
				CODE_SIGN_STYLE = Automatic;
				INFOPLIST_FILE = Insta_App/Info.plist;
				LD_RUNPATH_SEARCH_PATHS = (
					"$(inherited)",
					"@executable_path/Frameworks",
				);
				PRODUCT_BUNDLE_IDENTIFIER = "Okera.com.Insta-App";
				PRODUCT_NAME = "$(TARGET_NAME)";
				SWIFT_VERSION = 5.0;
				TARGETED_DEVICE_FAMILY = "1,2";
			};
			name = Release;
		};
		CFE62532270C0C4100E0FE54 /* Debug */ = {
			isa = XCBuildConfiguration;
			buildSettings = {
				ALWAYS_EMBED_SWIFT_STANDARD_LIBRARIES = YES;
				BUNDLE_LOADER = "$(TEST_HOST)";
				CODE_SIGN_STYLE = Automatic;
				INFOPLIST_FILE = Insta_AppTests/Info.plist;
				IPHONEOS_DEPLOYMENT_TARGET = 14.4;
				LD_RUNPATH_SEARCH_PATHS = (
					"$(inherited)",
					"@executable_path/Frameworks",
					"@loader_path/Frameworks",
				);
				PRODUCT_BUNDLE_IDENTIFIER = "Okera.com.Insta-AppTests";
				PRODUCT_NAME = "$(TARGET_NAME)";
				SWIFT_VERSION = 5.0;
				TARGETED_DEVICE_FAMILY = "1,2";
				TEST_HOST = "$(BUILT_PRODUCTS_DIR)/Insta_App.app/Insta_App";
			};
			name = Debug;
		};
		CFE62533270C0C4100E0FE54 /* Release */ = {
			isa = XCBuildConfiguration;
			buildSettings = {
				ALWAYS_EMBED_SWIFT_STANDARD_LIBRARIES = YES;
				BUNDLE_LOADER = "$(TEST_HOST)";
				CODE_SIGN_STYLE = Automatic;
				INFOPLIST_FILE = Insta_AppTests/Info.plist;
				IPHONEOS_DEPLOYMENT_TARGET = 14.4;
				LD_RUNPATH_SEARCH_PATHS = (
					"$(inherited)",
					"@executable_path/Frameworks",
					"@loader_path/Frameworks",
				);
				PRODUCT_BUNDLE_IDENTIFIER = "Okera.com.Insta-AppTests";
				PRODUCT_NAME = "$(TARGET_NAME)";
				SWIFT_VERSION = 5.0;
				TARGETED_DEVICE_FAMILY = "1,2";
				TEST_HOST = "$(BUILT_PRODUCTS_DIR)/Insta_App.app/Insta_App";
			};
			name = Release;
		};
		CFE62535270C0C4100E0FE54 /* Debug */ = {
			isa = XCBuildConfiguration;
			buildSettings = {
				ALWAYS_EMBED_SWIFT_STANDARD_LIBRARIES = YES;
				CODE_SIGN_STYLE = Automatic;
				INFOPLIST_FILE = Insta_AppUITests/Info.plist;
				LD_RUNPATH_SEARCH_PATHS = (
					"$(inherited)",
					"@executable_path/Frameworks",
					"@loader_path/Frameworks",
				);
				PRODUCT_BUNDLE_IDENTIFIER = "Okera.com.Insta-AppUITests";
				PRODUCT_NAME = "$(TARGET_NAME)";
				SWIFT_VERSION = 5.0;
				TARGETED_DEVICE_FAMILY = "1,2";
				TEST_TARGET_NAME = Insta_App;
			};
			name = Debug;
		};
		CFE62536270C0C4100E0FE54 /* Release */ = {
			isa = XCBuildConfiguration;
			buildSettings = {
				ALWAYS_EMBED_SWIFT_STANDARD_LIBRARIES = YES;
				CODE_SIGN_STYLE = Automatic;
				INFOPLIST_FILE = Insta_AppUITests/Info.plist;
				LD_RUNPATH_SEARCH_PATHS = (
					"$(inherited)",
					"@executable_path/Frameworks",
					"@loader_path/Frameworks",
				);
				PRODUCT_BUNDLE_IDENTIFIER = "Okera.com.Insta-AppUITests";
				PRODUCT_NAME = "$(TARGET_NAME)";
				SWIFT_VERSION = 5.0;
				TARGETED_DEVICE_FAMILY = "1,2";
				TEST_TARGET_NAME = Insta_App;
			};
			name = Release;
		};
/* End XCBuildConfiguration section */

/* Begin XCConfigurationList section */
		CFE624FF270C0C3F00E0FE54 /* Build configuration list for PBXProject "Insta_App" */ = {
			isa = XCConfigurationList;
			buildConfigurations = (
				CFE6252C270C0C4100E0FE54 /* Debug */,
				CFE6252D270C0C4100E0FE54 /* Release */,
			);
			defaultConfigurationIsVisible = 0;
			defaultConfigurationName = Release;
		};
		CFE6252E270C0C4100E0FE54 /* Build configuration list for PBXNativeTarget "Insta_App" */ = {
			isa = XCConfigurationList;
			buildConfigurations = (
				CFE6252F270C0C4100E0FE54 /* Debug */,
				CFE62530270C0C4100E0FE54 /* Release */,
			);
			defaultConfigurationIsVisible = 0;
			defaultConfigurationName = Release;
		};
		CFE62531270C0C4100E0FE54 /* Build configuration list for PBXNativeTarget "Insta_AppTests" */ = {
			isa = XCConfigurationList;
			buildConfigurations = (
				CFE62532270C0C4100E0FE54 /* Debug */,
				CFE62533270C0C4100E0FE54 /* Release */,
			);
			defaultConfigurationIsVisible = 0;
			defaultConfigurationName = Release;
		};
		CFE62534270C0C4100E0FE54 /* Build configuration list for PBXNativeTarget "Insta_AppUITests" */ = {
			isa = XCConfigurationList;
			buildConfigurations = (
				CFE62535270C0C4100E0FE54 /* Debug */,
				CFE62536270C0C4100E0FE54 /* Release */,
			);
			defaultConfigurationIsVisible = 0;
			defaultConfigurationName = Release;
		};
/* End XCConfigurationList section */
	};
	rootObject = CFE624FC270C0C3F00E0FE54 /* Project object */;
}
